
Microsoft Visual Studio Solution File, Format Version 12.00
# Visual Studio 2013
VisualStudioVersion = 12.0.31101.0
MinimumVisualStudioVersion = 10.0.40219.1
Project("{FAE04EC0-301F-11D3-BF4B-00C04F79EFBC}") = "MinesweeperSDK", "MinesweeperSDK\MinesweeperSDK.csproj", "{C5703BB2-B402-4CD4-9DED-54039EE45562}"
EndProject
Project("{FAE04EC0-301F-11D3-BF4B-00C04F79EFBC}") = "MinesweeperSDK_Tests", "MinesweeperSDK_Tests\MinesweeperSDK_Tests.csproj", "{C15BEA4B-B751-4847-AD15-8FD73A5D17F1}"
EndProject
Project("{FAE04EC0-301F-11D3-BF4B-00C04F79EFBC}") = "MinesweeperSDK_WPF", "MinesweeperSDK_WPF\MinesweeperSDK_WPF.csproj", "{DE07C157-35FA-4B2E-8C07-39730D95BEB8}"
EndProject
Global
	GlobalSection(SolutionConfigurationPlatforms) = preSolution
		Debug|Any CPU = Debug|Any CPU
		Release|Any CPU = Release|Any CPU
	EndGlobalSection
	GlobalSection(ProjectConfigurationPlatforms) = postSolution
		{C5703BB2-B402-4CD4-9DED-54039EE45562}.Debug|Any CPU.ActiveCfg = Debug|Any CPU
		{C5703BB2-B402-4CD4-9DED-54039EE45562}.Debug|Any CPU.Build.0 = Debug|Any CPU
		{C5703BB2-B402-4CD4-9DED-54039EE45562}.Release|Any CPU.ActiveCfg = Release|Any CPU
		{C5703BB2-B402-4CD4-9DED-54039EE45562}.Release|Any CPU.Build.0 = Release|Any CPU
		{C15BEA4B-B751-4847-AD15-8FD73A5D17F1}.Debug|Any CPU.ActiveCfg = Debug|Any CPU
		{C15BEA4B-B751-4847-AD15-8FD73A5D17F1}.Debug|Any CPU.Build.0 = Debug|Any CPU
		{C15BEA4B-B751-4847-AD15-8FD73A5D17F1}.Release|Any CPU.ActiveCfg = Release|Any CPU
		{C15BEA4B-B751-4847-AD15-8FD73A5D17F1}.Release|Any CPU.Build.0 = Release|Any CPU
		{DE07C157-35FA-4B2E-8C07-39730D95BEB8}.Debug|Any CPU.ActiveCfg = Debug|Any CPU
		{DE07C157-35FA-4B2E-8C07-39730D95BEB8}.Debug|Any CPU.Build.0 = Debug|Any CPU
		{DE07C157-35FA-4B2E-8C07-39730D95BEB8}.Release|Any CPU.ActiveCfg = Release|Any CPU
		{DE07C157-35FA-4B2E-8C07-39730D95BEB8}.Release|Any CPU.Build.0 = Release|Any CPU
	EndGlobalSection
	GlobalSection(SolutionProperties) = preSolution
		HideSolutionNode = FALSE
	EndGlobalSection
EndGlobal
